
Microsoft Visual Studio Solution File, Format Version 12.00
# Visual Studio Version 17
VisualStudioVersion = 17.7.34221.43
MinimumVisualStudioVersion = 10.0.40219.1
Project("{9A19103F-16F7-4668-BE54-9A1E7A4F7556}") = "SomeEmotesREPO", "SomeEmotesREPO.csproj", "{0B296B2E-D163-49AA-A847-33B2C22CBD32}"
EndProject
Global
	GlobalSection(SolutionConfigurationPlatforms) = preSolution
		Debug|Any CPU = Debug|Any CPU
		Release|Any CPU = Release|Any CPU
	EndGlobalSection
	GlobalSection(ProjectConfigurationPlatforms) = postSolution
		{0B296B2E-D163-49AA-A847-33B2C22CBD32}.Debug|Any CPU.ActiveCfg = Debug|Any CPU
		{0B296B2E-D163-49AA-A847-33B2C22CBD32}.Debug|Any CPU.Build.0 = Debug|Any CPU
		{0B296B2E-D163-49AA-A847-33B2C22CBD32}.Release|Any CPU.ActiveCfg = Release|Any CPU
		{0B296B2E-D163-49AA-A847-33B2C22CBD32}.Release|Any CPU.Build.0 = Release|Any CPU
	EndGlobalSection
	GlobalSection(SolutionProperties) = preSolution
		HideSolutionNode = FALSE
	EndGlobalSection
	GlobalSection(ExtensibilityGlobals) = postSolution
		SolutionGuid = {21CA52E9-85C8-4796-A13A-D22F18CED5DD}
	EndGlobalSection
EndGlobal
